
Microsoft Visual Studio Solution File, Format Version 12.00
# Visual Studio Version 16
VisualStudioVersion = 16.0.29306.81
MinimumVisualStudioVersion = 10.0.40219.1
Project("{FAE04EC0-301F-11D3-BF4B-00C04F79EFBC}") = "FIT5032_A2", "FIT5032_A2\FIT5032_A2.csproj", "{D1E90273-C497-4442-A7AD-D633388D61FD}"
EndProject
Global
	GlobalSection(SolutionConfigurationPlatforms) = preSolution
		Debug|Any CPU = Debug|Any CPU
		Release|Any CPU = Release|Any CPU
	EndGlobalSection
	GlobalSection(ProjectConfigurationPlatforms) = postSolution
		{D1E90273-C497-4442-A7AD-D633388D61FD}.Debug|Any CPU.ActiveCfg = Debug|Any CPU
		{D1E90273-C497-4442-A7AD-D633388D61FD}.Debug|Any CPU.Build.0 = Debug|Any CPU
		{D1E90273-C497-4442-A7AD-D633388D61FD}.Release|Any CPU.ActiveCfg = Release|Any CPU
		{D1E90273-C497-4442-A7AD-D633388D61FD}.Release|Any CPU.Build.0 = Release|Any CPU
	EndGlobalSection
	GlobalSection(SolutionProperties) = preSolution
		HideSolutionNode = FALSE
	EndGlobalSection
	GlobalSection(ExtensibilityGlobals) = postSolution
		SolutionGuid = {4279BC3D-CCF6-438E-A684-5B4AF6741064}
	EndGlobalSection
EndGlobal
